{
  "requires": true,
  "lockfileVersion": 1,
  "dependencies": {
    "is-finite": {
      "version": "1.1.0",
      "resolved": "https://registry.npmjs.org/is-finite/-/is-finite-1.1.0.tgz",
      "integrity": "sha512-cdyMtqX/BOqqNBBiKlIVkytNHm49MtMlYyn1zxzvJKWmFMlGzm+ry5BBfYyeY9YmNKbRSo/o7OX9w9ale0wg3w=="
    },
    "number-is-integer": {
      "version": "1.0.1",
      "resolved": "https://registry.npmjs.org/number-is-integer/-/number-is-integer-1.0.1.tgz",
      "integrity": "sha1-5ZvKFy/+0nMY55x862y3LAlbIVI=",
      "requires": {
        "is-finite": "^1.0.1"
      }
    },
    "receipt": {
      "version": "1.4.0",
      "resolved": "https://registry.npmjs.org/receipt/-/receipt-1.4.0.tgz",
      "integrity": "sha1-aN7I6VxCVqbTKSxfwPsVjV12A/Q=",
      "requires": {
        "round-to": "^1.1.0"
      }
    },
    "round-to": {
      "version": "1.1.0",
      "resolved": "https://registry.npmjs.org/round-to/-/round-to-1.1.0.tgz",
      "integrity": "sha1-qiBXphJjAhqXhLNr4XW/Fr3smlo=",
      "requires": {
        "number-is-integer": "^1.0.0"
      }
    }
  }
}
